{
  "name": "turso-starter-kit",
  "version": "1.0.0",
  "lockfileVersion": 3,
  "requires": true,
  "packages": {
    "": {
      "name": "turso-starter-kit",
      "version": "1.0.0",
      "hasInstallScript": true,
      "license": "MIT",
      "dependencies": {
        "@libsql/client": "^0.6.2",
        "@prisma/adapter-libsql": "^5.15.1",
        "@prisma/client": "^5.15.1",
        "@prisma/extension-accelerate": "^1.1.0",
        "dotenv": "^16.3.1",
        "itty-router": "4.0.23"
      },
      "devDependencies": {
        "prisma": "^5.15.1"
      }
    },
    "node_modules/@libsql/client": {
      "version": "0.6.2",
      "resolved": "https://registry.npmjs.org/@libsql/client/-/client-0.6.2.tgz",
      "integrity": "sha512-xRNfRLv/dOCbV4qd+M0baQwGmvuZpMd2wG2UAPs8XmcdaPvu5ErkcaeITkxlm3hDEJVabQM1cFhMBxsugWW9fQ==",
      "dependencies": {
        "@libsql/core": "^0.6.2",
        "@libsql/hrana-client": "^0.6.0",
        "js-base64": "^3.7.5",
        "libsql": "^0.3.10"
      }
    },
    "node_modules/@libsql/core": {
      "version": "0.6.2",
      "resolved": "https://registry.npmjs.org/@libsql/core/-/core-0.6.2.tgz",
      "integrity": "sha512-c2P4M+4u/4b2L02A0KjggO3UW51rGkhxr/7fzJO0fEAqsqrWGxuNj2YtRkina/oxfYvAof6xjp8RucNoIV/Odw==",
      "dependencies": {
        "js-base64": "^3.7.5"
      }
    },
    "node_modules/@libsql/darwin-arm64": {
      "version": "0.3.19",
      "resolved": "https://registry.npmjs.org/@libsql/darwin-arm64/-/darwin-arm64-0.3.19.tgz",
      "integrity": "sha512-rmOqsLcDI65zzxlUOoEiPJLhqmbFsZF6p4UJQ2kMqB+Kc0Rt5/A1OAdOZ/Wo8fQfJWjR1IbkbpEINFioyKf+nQ==",
      "cpu": [
        "arm64"
      ],
      "optional": true,
      "os": [
        "darwin"
      ]
    },
    "node_modules/@libsql/darwin-x64": {
      "version": "0.3.19",
      "resolved": "https://registry.npmjs.org/@libsql/darwin-x64/-/darwin-x64-0.3.19.tgz",
      "integrity": "sha512-q9O55B646zU+644SMmOQL3FIfpmEvdWpRpzubwFc2trsa+zoBlSkHuzU9v/C+UNoPHQVRMP7KQctJ455I/h/xw==",
      "cpu": [
        "x64"
      ],
      "optional": true,
      "os": [
        "darwin"
      ]
    },
    "node_modules/@libsql/hrana-client": {
      "version": "0.6.2",
      "resolved": "https://registry.npmjs.org/@libsql/hrana-client/-/hrana-client-0.6.2.tgz",
      "integrity": "sha512-MWxgD7mXLNf9FXXiM0bc90wCjZSpErWKr5mGza7ERy2FJNNMXd7JIOv+DepBA1FQTIfI8TFO4/QDYgaQC0goNw==",
      "dependencies": {
        "@libsql/isomorphic-fetch": "^0.2.1",
        "@libsql/isomorphic-ws": "^0.1.5",
        "js-base64": "^3.7.5",
        "node-fetch": "^3.3.2"
      }
    },
    "node_modules/@libsql/isomorphic-fetch": {
      "version": "0.2.1",
      "resolved": "https://registry.npmjs.org/@libsql/isomorphic-fetch/-/isomorphic-fetch-0.2.1.tgz",
      "integrity": "sha512-Sv07QP1Aw8A5OOrmKgRUBKe2fFhF2hpGJhtHe3d1aRnTESZCGkn//0zDycMKTGamVWb3oLYRroOsCV8Ukes9GA=="
    },
    "node_modules/@libsql/isomorphic-ws": {
      "version": "0.1.5",
      "resolved": "https://registry.npmjs.org/@libsql/isomorphic-ws/-/isomorphic-ws-0.1.5.tgz",
      "integrity": "sha512-DtLWIH29onUYR00i0GlQ3UdcTRC6EP4u9w/h9LxpUZJWRMARk6dQwZ6Jkd+QdwVpuAOrdxt18v0K2uIYR3fwFg==",
      "dependencies": {
        "@types/ws": "^8.5.4",
        "ws": "^8.13.0"
      }
    },
    "node_modules/@libsql/linux-arm64-gnu": {
      "version": "0.3.19",
      "resolved": "https://registry.npmjs.org/@libsql/linux-arm64-gnu/-/linux-arm64-gnu-0.3.19.tgz",
      "integrity": "sha512-mgeAUU1oqqh57k7I3cQyU6Trpdsdt607eFyEmH5QO7dv303ti+LjUvh1pp21QWV6WX7wZyjeJV1/VzEImB+jRg==",
      "cpu": [
        "arm64"
      ],
      "optional": true,
      "os": [
        "linux"
      ]
    },
    "node_modules/@libsql/linux-arm64-musl": {
      "version": "0.3.19",
      "resolved": "https://registry.npmjs.org/@libsql/linux-arm64-musl/-/linux-arm64-musl-0.3.19.tgz",
      "integrity": "sha512-VEZtxghyK6zwGzU9PHohvNxthruSxBEnRrX7BSL5jQ62tN4n2JNepJ6SdzXp70pdzTfwroOj/eMwiPt94gkVRg==",
      "cpu": [
        "arm64"
      ],
      "optional": true,
      "os": [
        "linux"
      ]
    },
    "node_modules/@libsql/linux-x64-gnu": {
      "version": "0.3.19",
      "resolved": "https://registry.npmjs.org/@libsql/linux-x64-gnu/-/linux-x64-gnu-0.3.19.tgz",
      "integrity": "sha512-2t/J7LD5w2f63wGihEO+0GxfTyYIyLGEvTFEsMO16XI5o7IS9vcSHrxsvAJs4w2Pf907uDjmc7fUfMg6L82BrQ==",
      "cpu": [
        "x64"
      ],
      "optional": true,
      "os": [
        "linux"
      ]
    },
    "node_modules/@libsql/linux-x64-musl": {
      "version": "0.3.19",
      "resolved": "https://registry.npmjs.org/@libsql/linux-x64-musl/-/linux-x64-musl-0.3.19.tgz",
      "integrity": "sha512-BLsXyJaL8gZD8+3W2LU08lDEd9MIgGds0yPy5iNPp8tfhXx3pV/Fge2GErN0FC+nzt4DYQtjL+A9GUMglQefXQ==",
      "cpu": [
        "x64"
      ],
      "optional": true,
      "os": [
        "linux"
      ]
    },
    "node_modules/@libsql/win32-x64-msvc": {
      "version": "0.3.19",
      "resolved": "https://registry.npmjs.org/@libsql/win32-x64-msvc/-/win32-x64-msvc-0.3.19.tgz",
      "integrity": "sha512-ay1X9AobE4BpzG0XPw1gplyLZPGHIgJOovvW23gUrukRegiUP62uzhpRbKNogLlUOynyXeq//prHgPXiebUfWg==",
      "cpu": [
        "x64"
      ],
      "optional": true,
      "os": [
        "win32"
      ]
    },
    "node_modules/@neon-rs/load": {
      "version": "0.0.4",
      "resolved": "https://registry.npmjs.org/@neon-rs/load/-/load-0.0.4.tgz",
      "integrity": "sha512-kTPhdZyTQxB+2wpiRcFWrDcejc4JI6tkPuS7UZCG4l6Zvc5kU/gGQ/ozvHTh1XR5tS+UlfAfGuPajjzQjCiHCw=="
    },
    "node_modules/@prisma/adapter-libsql": {
      "version": "5.15.1",
      "resolved": "https://registry.npmjs.org/@prisma/adapter-libsql/-/adapter-libsql-5.15.1.tgz",
      "integrity": "sha512-aQ82FvylVeE3a/oWQYjOrxNZPb+jJiHbR/HnhT3Fk/msyXEzWRVsN+PdENJSpfzkTX4V8ljtPCFtomgcv3+QHA==",
      "dependencies": {
        "@prisma/driver-adapter-utils": "5.15.1",
        "async-mutex": "0.5.0"
      },
      "peerDependencies": {
        "@libsql/client": "^0.3.5 || ^0.4.0 || ^0.5.0 || ^0.6.0"
      }
    },
    "node_modules/@prisma/client": {
      "version": "5.15.1",
      "resolved": "https://registry.npmjs.org/@prisma/client/-/client-5.15.1.tgz",
      "integrity": "sha512-fmZRGmsUJ9+VwC/AvfP/PwdpD0xAEyPvNsD9/B3+GYpETq9VejVRT3PiqNvl76q1uYYzNZeo8u/LmzzTetHSEg==",
      "hasInstallScript": true,
      "engines": {
        "node": ">=16.13"
      },
      "peerDependencies": {
        "prisma": "*"
      },
      "peerDependenciesMeta": {
        "prisma": {
          "optional": true
        }
      }
    },
    "node_modules/@prisma/debug": {
      "version": "5.15.1",
      "resolved": "https://registry.npmjs.org/@prisma/debug/-/debug-5.15.1.tgz",
      "integrity": "sha512-NQjdEplhXEcPvf84ghxExC+LD+iTimbg3sZvA3BhybVQIocBEBxFf9GTHhmRVPmjrWoBaYJBVgEEBXZT27JTbQ=="
    },
    "node_modules/@prisma/driver-adapter-utils": {
      "version": "5.15.1",
      "resolved": "https://registry.npmjs.org/@prisma/driver-adapter-utils/-/driver-adapter-utils-5.15.1.tgz",
      "integrity": "sha512-nMqqE0PSkyoIwcT2kSOcRTq9nsjzsRGWFc3ZA9sgCkBxZ6UpTpzNOVsAbFVJLSO9Q+AjUmCfHoKhUM53n9xsCg==",
      "dependencies": {
        "@prisma/debug": "5.15.1"
      }
    },
    "node_modules/@prisma/engines": {
      "version": "5.15.1",
      "resolved": "https://registry.npmjs.org/@prisma/engines/-/engines-5.15.1.tgz",
      "integrity": "sha512-1iTRxJEFvpBpEWf2bYiMG6LBBQhX7X+GA5piH+tmPWgc/v+/ElxQf2kjQxby8AErmZqtZkdoKJ7FSRjNjBPE9Q==",
      "devOptional": true,
      "hasInstallScript": true,
      "dependencies": {
        "@prisma/debug": "5.15.1",
        "@prisma/engines-version": "5.15.1-1.5675a3182f972f1a8f31d16eee6abf4fd54910e3",
        "@prisma/fetch-engine": "5.15.1",
        "@prisma/get-platform": "5.15.1"
      }
    },
    "node_modules/@prisma/engines-version": {
      "version": "5.15.1-1.5675a3182f972f1a8f31d16eee6abf4fd54910e3",
      "resolved": "https://registry.npmjs.org/@prisma/engines-version/-/engines-version-5.15.1-1.5675a3182f972f1a8f31d16eee6abf4fd54910e3.tgz",
      "integrity": "sha512-7csphKGCG6n/cN1MkT1mJvQ78Ir18IknlYZ8eyEoLKdQBb0HscR/6TyPmzqrMA7Rz01K1KeXqctwAqxtA/lKQg==",
      "devOptional": true
    },
    "node_modules/@prisma/extension-accelerate": {
      "version": "1.1.0",
      "resolved": "https://registry.npmjs.org/@prisma/extension-accelerate/-/extension-accelerate-1.1.0.tgz",
      "integrity": "sha512-sESjhBZ4ywQjAVpKzsfhxyNu+9txIM5I6M1MPBaJBq/xDlqmniIAhlwIEt9KLtO80zqPxqbZYes18zrkgYqNiQ==",
      "engines": {
        "node": ">=16"
      },
      "peerDependencies": {
        "@prisma/client": ">=4.16.1"
      }
    },
    "node_modules/@prisma/fetch-engine": {
      "version": "5.15.1",
      "resolved": "https://registry.npmjs.org/@prisma/fetch-engine/-/fetch-engine-5.15.1.tgz",
      "integrity": "sha512-mj0wfsJ+mAdDp1ynT2JKxAXa+CoYMT267qF7g2Uv+oaVTI2CMfGWouMARht8T2QLTgl+gpXSFTwIYbcR+oWEtw==",
      "devOptional": true,
      "dependencies": {
        "@prisma/debug": "5.15.1",
        "@prisma/engines-version": "5.15.1-1.5675a3182f972f1a8f31d16eee6abf4fd54910e3",
        "@prisma/get-platform": "5.15.1"
      }
    },
    "node_modules/@prisma/get-platform": {
      "version": "5.15.1",
      "resolved": "https://registry.npmjs.org/@prisma/get-platform/-/get-platform-5.15.1.tgz",
      "integrity": "sha512-oFccp7bYys+ZYkmtYzjR+0cRrGKvSuF+h5QhSkyEsYQ9kzJzQRvuWt2SiHRPt8xOQ4MTmujM+bP5uOexnnAHdQ==",
      "devOptional": true,
      "dependencies": {
        "@prisma/debug": "5.15.1"
      }
    },
    "node_modules/@types/node": {
      "version": "20.14.5",
      "resolved": "https://registry.npmjs.org/@types/node/-/node-20.14.5.tgz",
      "integrity": "sha512-aoRR+fJkZT2l0aGOJhuA8frnCSoNX6W7U2mpNq63+BxBIj5BQFt8rHy627kijCmm63ijdSdwvGgpUsU6MBsZZA==",
      "dependencies": {
        "undici-types": "~5.26.4"
      }
    },
    "node_modules/@types/ws": {
      "version": "8.5.10",
      "resolved": "https://registry.npmjs.org/@types/ws/-/ws-8.5.10.tgz",
      "integrity": "sha512-vmQSUcfalpIq0R9q7uTo2lXs6eGIpt9wtnLdMv9LVpIjCA/+ufZRozlVoVelIYixx1ugCBKDhn89vnsEGOCx9A==",
      "dependencies": {
        "@types/node": "*"
      }
    },
    "node_modules/async-mutex": {
      "version": "0.5.0",
      "resolved": "https://registry.npmjs.org/async-mutex/-/async-mutex-0.5.0.tgz",
      "integrity": "sha512-1A94B18jkJ3DYq284ohPxoXbfTA5HsQ7/Mf4DEhcyLx3Bz27Rh59iScbB6EPiP+B+joue6YCxcMXSbFC1tZKwA==",
      "dependencies": {
        "tslib": "^2.4.0"
      }
    },
    "node_modules/data-uri-to-buffer": {
      "version": "4.0.1",
      "resolved": "https://registry.npmjs.org/data-uri-to-buffer/-/data-uri-to-buffer-4.0.1.tgz",
      "integrity": "sha512-0R9ikRb668HB7QDxT1vkpuUBtqc53YyAwMwGeUFKRojY/NWKvdZ+9UYtRfGmhqNbRkTSVpMbmyhXipFFv2cb/A==",
      "engines": {
        "node": ">= 12"
      }
    },
    "node_modules/detect-libc": {
      "version": "2.0.2",
      "resolved": "https://registry.npmjs.org/detect-libc/-/detect-libc-2.0.2.tgz",
      "integrity": "sha512-UX6sGumvvqSaXgdKGUsgZWqcUyIXZ/vZTrlRT/iobiKhGL0zL4d3osHj3uqllWJK+i+sixDS/3COVEOFbupFyw==",
      "engines": {
        "node": ">=8"
      }
    },
    "node_modules/dotenv": {
      "version": "16.4.5",
      "resolved": "https://registry.npmjs.org/dotenv/-/dotenv-16.4.5.tgz",
      "integrity": "sha512-ZmdL2rui+eB2YwhsWzjInR8LldtZHGDoQ1ugH85ppHKwpUHL7j7rN0Ti9NCnGiQbhaZ11FpR+7ao1dNsmduNUg==",
      "engines": {
        "node": ">=12"
      },
      "funding": {
        "url": "https://dotenvx.com"
      }
    },
    "node_modules/fetch-blob": {
      "version": "3.2.0",
      "resolved": "https://registry.npmjs.org/fetch-blob/-/fetch-blob-3.2.0.tgz",
      "integrity": "sha512-7yAQpD2UMJzLi1Dqv7qFYnPbaPx7ZfFK6PiIxQ4PfkGPyNyl2Ugx+a/umUonmKqjhM4DnfbMvdX6otXq83soQQ==",
      "funding": [
        {
          "type": "github",
          "url": "https://github.com/sponsors/jimmywarting"
        },
        {
          "type": "paypal",
          "url": "https://paypal.me/jimmywarting"
        }
      ],
      "dependencies": {
        "node-domexception": "^1.0.0",
        "web-streams-polyfill": "^3.0.3"
      },
      "engines": {
        "node": "^12.20 || >= 14.13"
      }
    },
    "node_modules/formdata-polyfill": {
      "version": "4.0.10",
      "resolved": "https://registry.npmjs.org/formdata-polyfill/-/formdata-polyfill-4.0.10.tgz",
      "integrity": "sha512-buewHzMvYL29jdeQTVILecSaZKnt/RJWjoZCF5OW60Z67/GmSLBkOFM7qh1PI3zFNtJbaZL5eQu1vLfazOwj4g==",
      "dependencies": {
        "fetch-blob": "^3.1.2"
      },
      "engines": {
        "node": ">=12.20.0"
      }
    },
    "node_modules/itty-router": {
      "version": "4.0.23",
      "resolved": "https://registry.npmjs.org/itty-router/-/itty-router-4.0.23.tgz",
      "integrity": "sha512-tP1NI8PVK43vWlBnIPqj47ni5FDSczFviA4wgBznscndo8lEvBA+pO3DD1rNbIQPcZhprr775iUTunyGvQMcBw=="
    },
    "node_modules/js-base64": {
      "version": "3.7.7",
      "resolved": "https://registry.npmjs.org/js-base64/-/js-base64-3.7.7.tgz",
      "integrity": "sha512-7rCnleh0z2CkXhH67J8K1Ytz0b2Y+yxTPL+/KOJoa20hfnVQ/3/T6W/KflYI4bRHRagNeXeU2bkNGI3v1oS/lw=="
    },
    "node_modules/libsql": {
      "version": "0.3.19",
      "resolved": "https://registry.npmjs.org/libsql/-/libsql-0.3.19.tgz",
      "integrity": "sha512-Aj5cQ5uk/6fHdmeW0TiXK42FqUlwx7ytmMLPSaUQPin5HKKKuUPD62MAbN4OEweGBBI7q1BekoEN4gPUEL6MZA==",
      "cpu": [
        "x64",
        "arm64",
        "wasm32"
      ],
      "os": [
        "darwin",
        "linux",
        "win32"
      ],
      "dependencies": {
        "@neon-rs/load": "^0.0.4",
        "detect-libc": "2.0.2",
        "libsql": "^0.3.15"
      },
      "optionalDependencies": {
        "@libsql/darwin-arm64": "0.3.19",
        "@libsql/darwin-x64": "0.3.19",
        "@libsql/linux-arm64-gnu": "0.3.19",
        "@libsql/linux-arm64-musl": "0.3.19",
        "@libsql/linux-x64-gnu": "0.3.19",
        "@libsql/linux-x64-musl": "0.3.19",
        "@libsql/win32-x64-msvc": "0.3.19"
      }
    },
    "node_modules/node-domexception": {
      "version": "1.0.0",
      "resolved": "https://registry.npmjs.org/node-domexception/-/node-domexception-1.0.0.tgz",
      "integrity": "sha512-/jKZoMpw0F8GRwl4/eLROPA3cfcXtLApP0QzLmUT/HuPCZWyB7IY9ZrMeKw2O/nFIqPQB3PVM9aYm0F312AXDQ==",
      "funding": [
        {
          "type": "github",
          "url": "https://github.com/sponsors/jimmywarting"
        },
        {
          "type": "github",
          "url": "https://paypal.me/jimmywarting"
        }
      ],
      "engines": {
        "node": ">=10.5.0"
      }
    },
    "node_modules/node-fetch": {
      "version": "3.3.2",
      "resolved": "https://registry.npmjs.org/node-fetch/-/node-fetch-3.3.2.tgz",
      "integrity": "sha512-dRB78srN/l6gqWulah9SrxeYnxeddIG30+GOqK/9OlLVyLg3HPnr6SqOWTWOXKRwC2eGYCkZ59NNuSgvSrpgOA==",
      "dependencies": {
        "data-uri-to-buffer": "^4.0.0",
        "fetch-blob": "^3.1.4",
        "formdata-polyfill": "^4.0.10"
      },
      "engines": {
        "node": "^12.20.0 || ^14.13.1 || >=16.0.0"
      },
      "funding": {
        "type": "opencollective",
        "url": "https://opencollective.com/node-fetch"
      }
    },
    "node_modules/prisma": {
      "version": "5.15.1",
      "resolved": "https://registry.npmjs.org/prisma/-/prisma-5.15.1.tgz",
      "integrity": "sha512-pYsUVpTlYvZ6mWvZKDv9rKdUa7tlfSUJY1CVtgb8Had1pHbIm9fr1MBASccr5XnSuCUrjnvKhWNwgSYy6aCajA==",
      "devOptional": true,
      "hasInstallScript": true,
      "dependencies": {
        "@prisma/engines": "5.15.1"
      },
      "bin": {
        "prisma": "build/index.js"
      },
      "engines": {
        "node": ">=16.13"
      }
    },
    "node_modules/tslib": {
      "version": "2.6.3",
      "resolved": "https://registry.npmjs.org/tslib/-/tslib-2.6.3.tgz",
      "integrity": "sha512-xNvxJEOUiWPGhUuUdQgAJPKOOJfGnIyKySOc09XkKsgdUV/3E2zvwZYdejjmRgPCgcym1juLH3226yA7sEFJKQ=="
    },
    "node_modules/undici-types": {
      "version": "5.26.5",
      "resolved": "https://registry.npmjs.org/undici-types/-/undici-types-5.26.5.tgz",
      "integrity": "sha512-JlCMO+ehdEIKqlFxk6IfVoAUVmgz7cU7zD/h9XZ0qzeosSHmUJVOzSQvvYSYWXkFXC+IfLKSIffhv0sVZup6pA=="
    },
    "node_modules/web-streams-polyfill": {
      "version": "3.3.3",
      "resolved": "https://registry.npmjs.org/web-streams-polyfill/-/web-streams-polyfill-3.3.3.tgz",
      "integrity": "sha512-d2JWLCivmZYTSIoge9MsgFCZrt571BikcWGYkjC1khllbTeDlGqZ2D8vD8E/lJa8WGWbb7Plm8/XJYV7IJHZZw==",
      "engines": {
        "node": ">= 8"
      }
    },
    "node_modules/ws": {
      "version": "8.17.1",
      "resolved": "https://registry.npmjs.org/ws/-/ws-8.17.1.tgz",
      "integrity": "sha512-6XQFvXTkbfUOZOKKILFG1PDK2NDQs4azKQl26T0YS5CxqWLgXajbPZ+h4gZekJyRqFU8pvnbAbbs/3TgRPy+GQ==",
      "engines": {
        "node": ">=10.0.0"
      },
      "peerDependencies": {
        "bufferutil": "^4.0.1",
        "utf-8-validate": ">=5.0.2"
      },
      "peerDependenciesMeta": {
        "bufferutil": {
          "optional": true
        },
        "utf-8-validate": {
          "optional": true
        }
      }
    }
  }
}
